{
  "nodes": {
    "blueprint": {
      "inputs": {
        "nixpkgs": [
          "llm-agents",
          "nixpkgs"
        ],
        "systems": [
          "llm-agents",
          "systems"
        ]
      },
      "locked": {
        "lastModified": 1771437256,
        "narHash": "sha256-bLqwib+rtyBRRVBWhMuBXPCL/OThfokA+j6+uH7jDGU=",
        "owner": "numtide",
        "repo": "blueprint",
        "rev": "06ee7190dc2620ea98af9eb225aa9627b68b0e33",
        "type": "github"
      },
      "original": {
        "owner": "numtide",
        "repo": "blueprint",
        "type": "github"
      }
    },
    "bun2nix": {
      "inputs": {
        "flake-parts": [
          "llm-agents",
          "flake-parts"
        ],
        "import-tree": "import-tree",
        "nixpkgs": [
          "llm-agents",
          "nixpkgs"
        ],
        "systems": [
          "llm-agents",
          "systems"
        ],
        "treefmt-nix": [
          "llm-agents",
          "treefmt-nix"
        ]
      },
      "locked": {
        "lastModified": 1770895533,
        "narHash": "sha256-v3QaK9ugy9bN9RXDnjw0i2OifKmz2NnKM82agtqm/UY=",
        "owner": "nix-community",
        "repo": "bun2nix",
        "rev": "c843f477b15f51151f8c6bcc886954699440a6e1",
        "type": "github"
      },
      "original": {
        "owner": "nix-community",
        "repo": "bun2nix",
        "type": "github"
      }
    },
    "flake-parts": {
      "inputs": {
        "nixpkgs-lib": [
          "llm-agents",
          "nixpkgs"
        ]
      },
      "locked": {
        "lastModified": 1775087534,
        "narHash": "sha256-91qqW8lhL7TLwgQWijoGBbiD4t7/q75KTi8NxjVmSmA=",
        "owner": "hercules-ci",
        "repo": "flake-parts",
        "rev": "3107b77cd68437b9a76194f0f7f9c55f2329ca5b",
        "type": "github"
      },
      "original": {
        "owner": "hercules-ci",
        "repo": "flake-parts",
        "type": "github"
      }
    },
    "flake-parts_2": {
      "inputs": {
        "nixpkgs-lib": [
          "neovim-overlay",
          "nixpkgs"
        ]
      },
      "locked": {
        "lastModified": 1775087534,
        "narHash": "sha256-91qqW8lhL7TLwgQWijoGBbiD4t7/q75KTi8NxjVmSmA=",
        "owner": "hercules-ci",
        "repo": "flake-parts",
        "rev": "3107b77cd68437b9a76194f0f7f9c55f2329ca5b",
        "type": "github"
      },
      "original": {
        "owner": "hercules-ci",
        "repo": "flake-parts",
        "type": "github"
      }
    },
    "home-manager": {
      "inputs": {
        "nixpkgs": [
          "nixpkgs"
        ]
      },
      "locked": {
        "lastModified": 1775425411,
        "narHash": "sha256-KY6HsebJHEe5nHOWP7ur09mb0drGxYSzE3rQxy62rJo=",
        "owner": "nix-community",
        "repo": "home-manager",
        "rev": "0d02ec1d0a05f88ef9e74b516842900c41f0f2fe",
        "type": "github"
      },
      "original": {
        "owner": "nix-community",
        "ref": "release-25.11",
        "repo": "home-manager",
        "type": "github"
      }
    },
    "import-tree": {
      "locked": {
        "lastModified": 1763762820,
        "narHash": "sha256-ZvYKbFib3AEwiNMLsejb/CWs/OL/srFQ8AogkebEPF0=",
        "owner": "vic",
        "repo": "import-tree",
        "rev": "3c23749d8013ec6daa1d7255057590e9ca726646",
        "type": "github"
      },
      "original": {
        "owner": "vic",
        "repo": "import-tree",
        "type": "github"
      }
    },
    "llm-agents": {
      "inputs": {
        "blueprint": "blueprint",
        "bun2nix": "bun2nix",
        "flake-parts": "flake-parts",
        "nixpkgs": "nixpkgs",
        "systems": "systems",
        "treefmt-nix": "treefmt-nix"
      },
      "locked": {
        "lastModified": 1775878902,
        "narHash": "sha256-HzcEa1AdjLivJq+IgSwB907coJzggGtedxnVxyGy5zg=",
        "owner": "numtide",
        "repo": "llm-agents.nix",
        "rev": "5bb1482b02bf95da39d00b1e9f705d398d38bb05",
        "type": "github"
      },
      "original": {
        "owner": "numtide",
        "repo": "llm-agents.nix",
        "type": "github"
      }
    },
    "neovim-overlay": {
      "inputs": {
        "flake-parts": "flake-parts_2",
        "neovim-src": "neovim-src",
        "nixpkgs": "nixpkgs_2"
      },
      "locked": {
        "lastModified": 1775865888,
        "narHash": "sha256-im6eWkpc8l8sRnv+uHcxGtUi4cE/rsete9Mo6GBpwqU=",
        "type": "tarball",
        "url": "https://github.com/nix-community/neovim-nightly-overlay/archive/master.tar.gz"
      },
      "original": {
        "type": "tarball",
        "url": "https://github.com/nix-community/neovim-nightly-overlay/archive/master.tar.gz"
      }
    },
    "neovim-src": {
      "flake": false,
      "locked": {
        "lastModified": 1775864394,
        "narHash": "sha256-mdxM2fMgNn7u2GEvaYJrtuYqM1ZYNHWevoqV/uGP6rE=",
        "owner": "neovim",
        "repo": "neovim",
        "rev": "4f7b6083e5fe13ae0474520c769e1d3aeb25d393",
        "type": "github"
      },
      "original": {
        "owner": "neovim",
        "repo": "neovim",
        "type": "github"
      }
    },
    "nix-darwin": {
      "inputs": {
        "nixpkgs": [
          "nixpkgs-darwin"
        ]
      },
      "locked": {
        "lastModified": 1772129556,
        "narHash": "sha256-Utk0zd8STPsUJPyjabhzPc5BpPodLTXrwkpXBHYnpeg=",
        "owner": "nix-darwin",
        "repo": "nix-darwin",
        "rev": "ebec37af18215214173c98cf6356d0aca24a2585",
        "type": "github"
      },
      "original": {
        "owner": "nix-darwin",
        "ref": "nix-darwin-25.11",
        "repo": "nix-darwin",
        "type": "github"
      }
    },
    "nixpkgs": {
      "locked": {
        "lastModified": 1775793324,
        "narHash": "sha256-omax7atcZbol+6HJ2RLpP+ZCFcPa5bZ65Hn71RufeWQ=",
        "owner": "NixOS",
        "repo": "nixpkgs",
        "rev": "9d29d5f667d7467f98efc31881e824fa586c927e",
        "type": "github"
      },
      "original": {
        "owner": "NixOS",
        "ref": "nixpkgs-unstable",
        "repo": "nixpkgs",
        "type": "github"
      }
    },
    "nixpkgs-darwin": {
      "locked": {
        "lastModified": 1775749320,
        "narHash": "sha256-msT6frWJSQ2WR+0cpk+KPcZdLTLagUIsJwQwIX9JNSo=",
        "owner": "nixos",
        "repo": "nixpkgs",
        "rev": "74b87959b2d16f59f54d8559cf3cf26b9d907949",
        "type": "github"
      },
      "original": {
        "owner": "nixos",
        "ref": "nixpkgs-25.11-darwin",
        "repo": "nixpkgs",
        "type": "github"
      }
    },
    "nixpkgs_2": {
      "locked": {
        "lastModified": 1775793324,
        "narHash": "sha256-omax7atcZbol+6HJ2RLpP+ZCFcPa5bZ65Hn71RufeWQ=",
        "owner": "NixOS",
        "repo": "nixpkgs",
        "rev": "9d29d5f667d7467f98efc31881e824fa586c927e",
        "type": "github"
      },
      "original": {
        "owner": "NixOS",
        "ref": "nixpkgs-unstable",
        "repo": "nixpkgs",
        "type": "github"
      }
    },
    "nixpkgs_3": {
      "locked": {
        "lastModified": 1775811116,
        "narHash": "sha256-t+HZK42pB6N+i5RGbuy7Xluez/VvWbembBdvzsc23Ss=",
        "owner": "nixos",
        "repo": "nixpkgs",
        "rev": "54170c54449ea4d6725efd30d719c5e505f1c10e",
        "type": "github"
      },
      "original": {
        "owner": "nixos",
        "ref": "nixos-25.11",
        "repo": "nixpkgs",
        "type": "github"
      }
    },
    "root": {
      "inputs": {
        "home-manager": "home-manager",
        "llm-agents": "llm-agents",
        "neovim-overlay": "neovim-overlay",
        "nix-darwin": "nix-darwin",
        "nixpkgs": "nixpkgs_3",
        "nixpkgs-darwin": "nixpkgs-darwin"
      }
    },
    "systems": {
      "locked": {
        "lastModified": 1681028828,
        "narHash": "sha256-Vy1rq5AaRuLzOxct8nz4T6wlgyUR7zLU309k9mBC768=",
        "owner": "nix-systems",
        "repo": "default",
        "rev": "da67096a3b9bf56a91d16901293e51ba5b49a27e",
        "type": "github"
      },
      "original": {
        "owner": "nix-systems",
        "repo": "default",
        "type": "github"
      }
    },
    "treefmt-nix": {
      "inputs": {
        "nixpkgs": [
          "llm-agents",
          "nixpkgs"
        ]
      },
      "locked": {
        "lastModified": 1775636079,
        "narHash": "sha256-pc20NRoMdiar8oPQceQT47UUZMBTiMdUuWrYu2obUP0=",
        "owner": "numtide",
        "repo": "treefmt-nix",
        "rev": "790751ff7fd3801feeaf96d7dc416a8d581265ba",
        "type": "github"
      },
      "original": {
        "owner": "numtide",
        "repo": "treefmt-nix",
        "type": "github"
      }
    }
  },
  "root": "root",
  "version": 7
}
