{
  "nodes": {
    "bun2nix": {
      "inputs": {
        "flake-parts": [
          "llm-agents",
          "flake-parts"
        ],
        "nixpkgs": [
          "llm-agents",
          "nixpkgs"
        ],
        "systems": [
          "llm-agents",
          "systems"
        ],
        "treefmt-nix": [
          "llm-agents",
          "treefmt-nix"
        ]
      },
      "locked": {
        "lastModified": 1790001035,
        "narHash": "sha256-1/SLBjSYBzDdDhvLQ83wrzBakyS/xNGgtxHGNuveOEQ=",
        "owner": "Mic92",
        "repo": "bun2nix",
        "rev": "07a5bfc8ac36c5370199343fa620b69f63186e33",
        "type": "github"
      },
      "original": {
        "owner": "Mic92",
        "ref": "llm-agents",
        "repo": "bun2nix",
        "type": "github"
      }
    },
    "flake-parts": {
      "inputs": {
        "nixpkgs-lib": [
          "llm-agents",
          "nixpkgs"
        ]
      },
      "locked": {
        "lastModified": 1788450739,
        "narHash": "sha256-glZLQlzIn1fXH6PazR2iUmTo7kzzyYSshrWhLS9TqCU=",
        "owner": "hercules-ci",
        "repo": "flake-parts",
        "rev": "31729ca8cbdb4fa927b34e5f4353e6a83f39e993",
        "type": "github"
      },
      "original": {
        "owner": "hercules-ci",
        "repo": "flake-parts",
        "type": "github"
      }
    },
    "flake-parts_2": {
      "inputs": {
        "nixpkgs-lib": [
          "neovim-overlay",
          "nixpkgs"
        ]
      },
      "locked": {
        "lastModified": 1788450739,
        "narHash": "sha256-glZLQlzIn1fXH6PazR2iUmTo7kzzyYSshrWhLS9TqCU=",
        "owner": "hercules-ci",
        "repo": "flake-parts",
        "rev": "31729ca8cbdb4fa927b34e5f4353e6a83f39e993",
        "type": "github"
      },
      "original": {
        "owner": "hercules-ci",
        "repo": "flake-parts",
        "type": "github"
      }
    },
    "home-manager": {
      "inputs": {
        "nixpkgs": [
          "nixpkgs"
        ]
      },
      "locked": {
        "lastModified": 1779506708,
        "narHash": "sha256-QOD/CNm196nCJRheux/URi4/HE66fthdOMqCJoPP1Y0=",
        "owner": "nix-community",
        "repo": "home-manager",
        "rev": "3ee51fbdac8c8bdfe1e7e1fcaba6520a563f394f",
        "type": "github"
      },
      "original": {
        "owner": "nix-community",
        "ref": "release-25.11",
        "repo": "home-manager",
        "type": "github"
      }
    },
    "llm-agents": {
      "inputs": {
        "bun2nix": "bun2nix",
        "flake-parts": "flake-parts",
        "nixpkgs": "nixpkgs",
        "systems": "systems",
        "treefmt-nix": "treefmt-nix"
      },
      "locked": {
        "lastModified": 1790136910,
        "narHash": "sha256-Ho5xXKbluCp1lmvUkVwrN76fUW1NC3RARdNaFMGpEcY=",
        "owner": "numtide",
        "repo": "llm-agents.nix",
        "rev": "3a78485c5ec8c10ec53915410c724a4492cea4bb",
        "type": "github"
      },
      "original": {
        "owner": "numtide",
        "repo": "llm-agents.nix",
        "type": "github"
      }
    },
    "neovim-overlay": {
      "inputs": {
        "flake-parts": "flake-parts_2",
        "neovim-src": "neovim-src",
        "nixpkgs": "nixpkgs_2"
      },
      "locked": {
        "lastModified": 1790121747,
        "narHash": "sha256-qVw3uPuVbz4e39d5Idt9EqJ08I/w69tg00y+gNDzeJs=",
        "type": "tarball",
        "url": "https://github.com/nix-community/neovim-nightly-overlay/archive/master.tar.gz"
      },
      "original": {
        "type": "tarball",
        "url": "https://github.com/nix-community/neovim-nightly-overlay/archive/master.tar.gz"
      }
    },
    "neovim-src": {
      "flake": false,
      "locked": {
        "lastModified": 1790082317,
        "narHash": "sha256-8Jk/IN9f3dAPDV2A2/uYa+pyqjaBbiPJQ4moFWE4agE=",
        "owner": "neovim",
        "repo": "neovim",
        "rev": "51d7d99fe7c3625f524b47f3f5d041c6a5895f81",
        "type": "github"
      },
      "original": {
        "owner": "neovim",
        "repo": "neovim",
        "type": "github"
      }
    },
    "nix-darwin": {
      "inputs": {
        "nixpkgs": [
          "nixpkgs-darwin"
        ]
      },
      "locked": {
        "lastModified": 1772129556,
        "narHash": "sha256-Utk0zd8STPsUJPyjabhzPc5BpPodLTXrwkpXBHYnpeg=",
        "owner": "nix-darwin",
        "repo": "nix-darwin",
        "rev": "ebec37af18215214173c98cf6356d0aca24a2585",
        "type": "github"
      },
      "original": {
        "owner": "nix-darwin",
        "ref": "nix-darwin-25.11",
        "repo": "nix-darwin",
        "type": "github"
      }
    },
    "nixpkgs": {
      "locked": {
        "lastModified": 1790055231,
        "narHash": "sha256-QpXotokGh5eeMG1Njiuh27oP0rK6t5+cMp7ymXSs7mc=",
        "owner": "NixOS",
        "repo": "nixpkgs",
        "rev": "b6c98e9e6633ee64753b594ff4a5febf0367fc00",
        "type": "github"
      },
      "original": {
        "owner": "NixOS",
        "ref": "nixpkgs-unstable",
        "repo": "nixpkgs",
        "type": "github"
      }
    },
    "nixpkgs-darwin": {
      "locked": {
        "lastModified": 1782904953,
        "narHash": "sha256-ESJ4VgytmAt+98YLM8466luln4HyEZ9Q36b9+Bb4P5w=",
        "owner": "nixos",
        "repo": "nixpkgs",
        "rev": "0921fdb3e13e40fe25fbc52b89661a9d6d32ac68",
        "type": "github"
      },
      "original": {
        "owner": "nixos",
        "ref": "nixpkgs-25.11-darwin",
        "repo": "nixpkgs",
        "type": "github"
      }
    },
    "nixpkgs-unstable": {
      "locked": {
        "lastModified": 1790046670,
        "narHash": "sha256-MYiI+CzL0tuWgRPjGsKCDHqYs2T3OzMlMQWOYWG0qso=",
        "owner": "nixos",
        "repo": "nixpkgs",
        "rev": "6774f7bc253789b113a4f39285dc0fa100abeacc",
        "type": "github"
      },
      "original": {
        "owner": "nixos",
        "ref": "nixos-unstable",
        "repo": "nixpkgs",
        "type": "github"
      }
    },
    "nixpkgs_2": {
      "locked": {
        "lastModified": 1790055231,
        "narHash": "sha256-QpXotokGh5eeMG1Njiuh27oP0rK6t5+cMp7ymXSs7mc=",
        "owner": "NixOS",
        "repo": "nixpkgs",
        "rev": "b6c98e9e6633ee64753b594ff4a5febf0367fc00",
        "type": "github"
      },
      "original": {
        "owner": "NixOS",
        "ref": "nixpkgs-unstable",
        "repo": "nixpkgs",
        "type": "github"
      }
    },
    "nixpkgs_3": {
      "locked": {
        "lastModified": 1782847189,
        "narHash": "sha256-twXPFqFsrrY5r28Zh7Homgcp2gUMBgQ6WDS98Q/3xFI=",
        "owner": "nixos",
        "repo": "nixpkgs",
        "rev": "b6018f87da91d19d0ab4cf979885689b469cdd41",
        "type": "github"
      },
      "original": {
        "owner": "nixos",
        "ref": "nixos-25.11",
        "repo": "nixpkgs",
        "type": "github"
      }
    },
    "root": {
      "inputs": {
        "home-manager": "home-manager",
        "llm-agents": "llm-agents",
        "neovim-overlay": "neovim-overlay",
        "nix-darwin": "nix-darwin",
        "nixpkgs": "nixpkgs_3",
        "nixpkgs-darwin": "nixpkgs-darwin",
        "nixpkgs-unstable": "nixpkgs-unstable"
      }
    },
    "systems": {
      "locked": {
        "lastModified": 1681028828,
        "narHash": "sha256-Vy1rq5AaRuLzOxct8nz4T6wlgyUR7zLU309k9mBC768=",
        "owner": "nix-systems",
        "repo": "default",
        "rev": "da67096a3b9bf56a91d16901293e51ba5b49a27e",
        "type": "github"
      },
      "original": {
        "owner": "nix-systems",
        "repo": "default",
        "type": "github"
      }
    },
    "treefmt-nix": {
      "inputs": {
        "nixpkgs": [
          "llm-agents",
          "nixpkgs"
        ]
      },
      "locked": {
        "lastModified": 1786901030,
        "narHash": "sha256-WSFCsDSE5ffgD2MqzkM2CYjeFiKhRF/dJUN8uedb6YE=",
        "owner": "numtide",
        "repo": "treefmt-nix",
        "rev": "27b3b12a8e6375f28ebe122f07d230ca5459bbfa",
        "type": "github"
      },
      "original": {
        "owner": "numtide",
        "repo": "treefmt-nix",
        "type": "github"
      }
    }
  },
  "root": "root",
  "version": 7
}
